
Microsoft Visual Studio Solution File, Format Version 12.00
# Visual Studio Version 17
VisualStudioVersion = 17.5.33516.290
MinimumVisualStudioVersion = 10.0.40219.1
Project("{FAE04EC0-301F-11D3-BF4B-00C04F79EFBC}") = "Console_Reverse_String", "Console_Reverse_String.csproj", "{4F23D5CA-BC8B-4902-94DF-75791904BAE8}"
EndProject
Global
	GlobalSection(SolutionConfigurationPlatforms) = preSolution
		Debug|Any CPU = Debug|Any CPU
		Release|Any CPU = Release|Any CPU
	EndGlobalSection
	GlobalSection(ProjectConfigurationPlatforms) = postSolution
		{4F23D5CA-BC8B-4902-94DF-75791904BAE8}.Debug|Any CPU.ActiveCfg = Debug|Any CPU
		{4F23D5CA-BC8B-4902-94DF-75791904BAE8}.Debug|Any CPU.Build.0 = Debug|Any CPU
		{4F23D5CA-BC8B-4902-94DF-75791904BAE8}.Release|Any CPU.ActiveCfg = Release|Any CPU
		{4F23D5CA-BC8B-4902-94DF-75791904BAE8}.Release|Any CPU.Build.0 = Release|Any CPU
	EndGlobalSection
	GlobalSection(SolutionProperties) = preSolution
		HideSolutionNode = FALSE
	EndGlobalSection
	GlobalSection(ExtensibilityGlobals) = postSolution
		SolutionGuid = {79B7FE24-6979-4902-965E-8D1497DED507}
	EndGlobalSection
EndGlobal
